
Microsoft Visual Studio Solution File, Format Version 12.00
# Visual Studio Version 17
VisualStudioVersion = 17.5.002.0
MinimumVisualStudioVersion = 10.0.40219.1
Project("{9A19103F-16F7-4668-BE54-9A1E7A4F7556}") = "non_primitive_data_types_q5_enum", "non_primitive_data_types_q5_enum.csproj", "{96DF4B23-5DB3-43CD-B581-3868F661AF63}"
EndProject
Global
	GlobalSection(SolutionConfigurationPlatforms) = preSolution
		Debug|Any CPU = Debug|Any CPU
		Release|Any CPU = Release|Any CPU
	EndGlobalSection
	GlobalSection(ProjectConfigurationPlatforms) = postSolution
		{96DF4B23-5DB3-43CD-B581-3868F661AF63}.Debug|Any CPU.ActiveCfg = Debug|Any CPU
		{96DF4B23-5DB3-43CD-B581-3868F661AF63}.Debug|Any CPU.Build.0 = Debug|Any CPU
		{96DF4B23-5DB3-43CD-B581-3868F661AF63}.Release|Any CPU.ActiveCfg = Release|Any CPU
		{96DF4B23-5DB3-43CD-B581-3868F661AF63}.Release|Any CPU.Build.0 = Release|Any CPU
	EndGlobalSection
	GlobalSection(SolutionProperties) = preSolution
		HideSolutionNode = FALSE
	EndGlobalSection
	GlobalSection(ExtensibilityGlobals) = postSolution
		SolutionGuid = {C6F2720D-D02A-4B75-AC8B-FD87E6502EE0}
	EndGlobalSection
EndGlobal
